
Microsoft Visual Studio Solution File, Format Version 12.00
# Visual Studio Version 16
VisualStudioVersion = 16.0.30711.63
MinimumVisualStudioVersion = 10.0.40219.1
Project("{8BC9CEB8-8B4A-11D0-8D11-00A0C91BC942}") = "ISeeEuConquisto", "ISeeEuConquisto.vcxproj", "{755BE9A1-DAF3-4D78-A708-FEEC960F3234}"
EndProject
Global
	GlobalSection(SolutionConfigurationPlatforms) = preSolution
		Debug|x64 = Debug|x64
		Debug|x86 = Debug|x86
		Release|x64 = Release|x64
		Release|x86 = Release|x86
	EndGlobalSection
	GlobalSection(ProjectConfigurationPlatforms) = postSolution
		{755BE9A1-DAF3-4D78-A708-FEEC960F3234}.Debug|x64.ActiveCfg = Debug|x64
		{755BE9A1-DAF3-4D78-A708-FEEC960F3234}.Debug|x64.Build.0 = Debug|x64
		{755BE9A1-DAF3-4D78-A708-FEEC960F3234}.Debug|x86.ActiveCfg = Debug|Win32
		{755BE9A1-DAF3-4D78-A708-FEEC960F3234}.Debug|x86.Build.0 = Debug|Win32
		{755BE9A1-DAF3-4D78-A708-FEEC960F3234}.Release|x64.ActiveCfg = Release|x64
		{755BE9A1-DAF3-4D78-A708-FEEC960F3234}.Release|x64.Build.0 = Release|x64
		{755BE9A1-DAF3-4D78-A708-FEEC960F3234}.Release|x86.ActiveCfg = Release|Win32
		{755BE9A1-DAF3-4D78-A708-FEEC960F3234}.Release|x86.Build.0 = Release|Win32
	EndGlobalSection
	GlobalSection(SolutionProperties) = preSolution
		HideSolutionNode = FALSE
	EndGlobalSection
	GlobalSection(ExtensibilityGlobals) = postSolution
		SolutionGuid = {9AE4027E-03F8-448B-855E-25C272F722FD}
	EndGlobalSection
EndGlobal
